// !$*UTF8*$!
{
	archiveVersion = 1;
	classes = {
	};
	objectVersion = 48;
	objects = {

/* Begin PBXBuildFile section */
		15F6344187F4F278FE1B35F5 /* Pods_GloriousTests.framework in Frameworks */ = {isa = PBXBuildFile; fileRef = D462DE5A4495D2373C124CA2 /* Pods_GloriousTests.framework */; };
		61894EB15C145EE8B646EB25 /* Pods_Glorious.framework in Frameworks */ = {isa = PBXBuildFile; fileRef = 9BD62D5F4DD69F3F360A4A62 /* Pods_Glorious.framework */; };
		8136A7471FBDCCBD003B37C5 /* Utils.swift in Sources */ = {isa = PBXBuildFile; fileRef = 8136A7461FBDCCBD003B37C5 /* Utils.swift */; };
		8136F0C01FBECFC0004463D7 /* MainSplashViewController.swift in Sources */ = {isa = PBXBuildFile; fileRef = 8136F0BF1FBECFC0004463D7 /* MainSplashViewController.swift */; };
		8136F0C31FBED814004463D7 /* StretchingAnimator.swift in Sources */ = {isa = PBXBuildFile; fileRef = 8136F0C21FBED814004463D7 /* StretchingAnimator.swift */; };
		813DB9441FBBCE9A0044193C /* MainTabBarController.swift in Sources */ = {isa = PBXBuildFile; fileRef = 813DB9431FBBCE9A0044193C /* MainTabBarController.swift */; };
		813DB9461FBBDF9A0044193C /* R.swift in Sources */ = {isa = PBXBuildFile; fileRef = 813DB9451FBBDF9A0044193C /* R.swift */; };
		813DB9481FBBE12A0044193C /* CenterMessageListViewController.swift in Sources */ = {isa = PBXBuildFile; fileRef = 813DB9471FBBE12A0044193C /* CenterMessageListViewController.swift */; };
		813DB94A1FBBE1380044193C /* CenterMessageListViewModel.swift in Sources */ = {isa = PBXBuildFile; fileRef = 813DB9491FBBE1380044193C /* CenterMessageListViewModel.swift */; };
		813DB94C1FBBE14A0044193C /* FeaturedMessageListViewModel.swift in Sources */ = {isa = PBXBuildFile; fileRef = 813DB94B1FBBE14A0044193C /* FeaturedMessageListViewModel.swift */; };
		813DB94E1FBBE1600044193C /* FeaturedMessageListViewController.swift in Sources */ = {isa = PBXBuildFile; fileRef = 813DB94D1FBBE1600044193C /* FeaturedMessageListViewController.swift */; };
		813EB50C1FBC1C9300A2FA6D /* UICollectionView+Ext.swift in Sources */ = {isa = PBXBuildFile; fileRef = 813EB50B1FBC1C9300A2FA6D /* UICollectionView+Ext.swift */; };
		813EB50F1FBC1E3400A2FA6D /* SermonListCollectionViewCell.swift in Sources */ = {isa = PBXBuildFile; fileRef = 813EB50D1FBC1E3400A2FA6D /* SermonListCollectionViewCell.swift */; };
		813EB5101FBC1E3400A2FA6D /* SermonListCollectionViewCell.xib in Resources */ = {isa = PBXBuildFile; fileRef = 813EB50E1FBC1E3400A2FA6D /* SermonListCollectionViewCell.xib */; };
		814114211FBAAE2000669EE0 /* UITableView+Ext.swift in Sources */ = {isa = PBXBuildFile; fileRef = 814114201FBAAE2000669EE0 /* UITableView+Ext.swift */; };
		8164E3E61FB95EA20054384D /* AppDelegate.swift in Sources */ = {isa = PBXBuildFile; fileRef = 8164E3E51FB95EA20054384D /* AppDelegate.swift */; };
		8164E3EB1FB95EA20054384D /* Main.storyboard in Resources */ = {isa = PBXBuildFile; fileRef = 8164E3E91FB95EA20054384D /* Main.storyboard */; };
		8164E3EE1FB95EA20054384D /* Glorious.xcdatamodeld in Sources */ = {isa = PBXBuildFile; fileRef = 8164E3EC1FB95EA20054384D /* Glorious.xcdatamodeld */; };
		8164E3F01FB95EA20054384D /* Assets.xcassets in Resources */ = {isa = PBXBuildFile; fileRef = 8164E3EF1FB95EA20054384D /* Assets.xcassets */; };
		8164E3F31FB95EA20054384D /* LaunchScreen.storyboard in Resources */ = {isa = PBXBuildFile; fileRef = 8164E3F11FB95EA20054384D /* LaunchScreen.storyboard */; };
		8164E3FE1FB95EA20054384D /* GloriousTests.swift in Sources */ = {isa = PBXBuildFile; fileRef = 8164E3FD1FB95EA20054384D /* GloriousTests.swift */; };
		8164E4091FB95EA20054384D /* GloriousUITests.swift in Sources */ = {isa = PBXBuildFile; fileRef = 8164E4081FB95EA20054384D /* GloriousUITests.swift */; };
		8164E41C1FB9671A0054384D /* SermonListViewController.swift in Sources */ = {isa = PBXBuildFile; fileRef = 8164E41B1FB9671A0054384D /* SermonListViewController.swift */; };
		8164E41E1FB967A00054384D /* SermonListViewModel.swift in Sources */ = {isa = PBXBuildFile; fileRef = 8164E41D1FB967A00054384D /* SermonListViewModel.swift */; };
		8164E4201FB968290054384D /* Stage.swift in Sources */ = {isa = PBXBuildFile; fileRef = 8164E41F1FB968290054384D /* Stage.swift */; };
		8164E4251FB96D820054384D /* ViewModelBase.swift in Sources */ = {isa = PBXBuildFile; fileRef = 8164E4241FB96D820054384D /* ViewModelBase.swift */; };
		8164E4271FB96DB10054384D /* Navigator.swift in Sources */ = {isa = PBXBuildFile; fileRef = 8164E4261FB96DB10054384D /* Navigator.swift */; };
		8164E4291FB96DC50054384D /* NavigatorType.swift in Sources */ = {isa = PBXBuildFile; fileRef = 8164E4281FB96DC50054384D /* NavigatorType.swift */; };
		8164E42B1FB96F2E0054384D /* ViewModelBindable.swift in Sources */ = {isa = PBXBuildFile; fileRef = 8164E42A1FB96F2E0054384D /* ViewModelBindable.swift */; };
		8164E42D1FB970A30054384D /* Identifiable.swift in Sources */ = {isa = PBXBuildFile; fileRef = 8164E42C1FB970A30054384D /* Identifiable.swift */; };
		8164E42F1FB970B10054384D /* NibLoadable.swift in Sources */ = {isa = PBXBuildFile; fileRef = 8164E42E1FB970B10054384D /* NibLoadable.swift */; };
		8164E4311FB9721A0054384D /* Sermon.swift in Sources */ = {isa = PBXBuildFile; fileRef = 8164E4301FB9721A0054384D /* Sermon.swift */; };
		8164E4341FB974C40054384D /* APIService.swift in Sources */ = {isa = PBXBuildFile; fileRef = 8164E4331FB974C40054384D /* APIService.swift */; };
		8164E4391FB995BC0054384D /* SermonTableViewCell.swift in Sources */ = {isa = PBXBuildFile; fileRef = 8164E4371FB995BC0054384D /* SermonTableViewCell.swift */; };
		8164E43A1FB995BC0054384D /* SermonTableViewCell.xib in Resources */ = {isa = PBXBuildFile; fileRef = 8164E4381FB995BC0054384D /* SermonTableViewCell.xib */; };
		A92B6AECF046CCD46420DCE7 /* Pods_GloriousUITests.framework in Frameworks */ = {isa = PBXBuildFile; fileRef = 0094D2BF2E01C6F4833B8B8B /* Pods_GloriousUITests.framework */; };
/* End PBXBuildFile section */

/* Begin PBXContainerItemProxy section */
		8164E3FA1FB95EA20054384D /* PBXContainerItemProxy */ = {
			isa = PBXContainerItemProxy;
			containerPortal = 8164E3DA1FB95EA20054384D /* Project object */;
			proxyType = 1;
			remoteGlobalIDString = 8164E3E11FB95EA20054384D;
			remoteInfo = Glorious;
		};
		8164E4051FB95EA20054384D /* PBXContainerItemProxy */ = {
			isa = PBXContainerItemProxy;
			containerPortal = 8164E3DA1FB95EA20054384D /* Project object */;
			proxyType = 1;
			remoteGlobalIDString = 8164E3E11FB95EA20054384D;
			remoteInfo = Glorious;
		};
/* End PBXContainerItemProxy section */

/* Begin PBXFileReference section */
		0094D2BF2E01C6F4833B8B8B /* Pods_GloriousUITests.framework */ = {isa = PBXFileReference; explicitFileType = wrapper.framework; includeInIndex = 0; path = Pods_GloriousUITests.framework; sourceTree = BUILT_PRODUCTS_DIR; };
		052FE3A5BE4787E8CB56A9A7 /* Pods-Glorious.debug.xcconfig */ = {isa = PBXFileReference; includeInIndex = 1; lastKnownFileType = text.xcconfig; name = "Pods-Glorious.debug.xcconfig"; path = "Pods/Target Support Files/Pods-Glorious/Pods-Glorious.debug.xcconfig"; sourceTree = "<group>"; };
		0FA3976E8180A1B4C91EFC51 /* Pods-GloriousUITests.debug.xcconfig */ = {isa = PBXFileReference; includeInIndex = 1; lastKnownFileType = text.xcconfig; name = "Pods-GloriousUITests.debug.xcconfig"; path = "Pods/Target Support Files/Pods-GloriousUITests/Pods-GloriousUITests.debug.xcconfig"; sourceTree = "<group>"; };
		7E006BE7E0C344B28768C2C8 /* Pods-Glorious.release.xcconfig */ = {isa = PBXFileReference; includeInIndex = 1; lastKnownFileType = text.xcconfig; name = "Pods-Glorious.release.xcconfig"; path = "Pods/Target Support Files/Pods-Glorious/Pods-Glorious.release.xcconfig"; sourceTree = "<group>"; };
		8136A7461FBDCCBD003B37C5 /* Utils.swift */ = {isa = PBXFileReference; lastKnownFileType = sourcecode.swift; path = Utils.swift; sourceTree = "<group>"; };
		8136F0BF1FBECFC0004463D7 /* MainSplashViewController.swift */ = {isa = PBXFileReference; lastKnownFileType = sourcecode.swift; path = MainSplashViewController.swift; sourceTree = "<group>"; };
		8136F0C21FBED814004463D7 /* StretchingAnimator.swift */ = {isa = PBXFileReference; lastKnownFileType = sourcecode.swift; path = StretchingAnimator.swift; sourceTree = "<group>"; };
		813DB9431FBBCE9A0044193C /* MainTabBarController.swift */ = {isa = PBXFileReference; lastKnownFileType = sourcecode.swift; path = MainTabBarController.swift; sourceTree = "<group>"; };
		813DB9451FBBDF9A0044193C /* R.swift */ = {isa = PBXFileReference; lastKnownFileType = sourcecode.swift; path = R.swift; sourceTree = "<group>"; };
		813DB9471FBBE12A0044193C /* CenterMessageListViewController.swift */ = {isa = PBXFileReference; lastKnownFileType = sourcecode.swift; path = CenterMessageListViewController.swift; sourceTree = "<group>"; };
		813DB9491FBBE1380044193C /* CenterMessageListViewModel.swift */ = {isa = PBXFileReference; lastKnownFileType = sourcecode.swift; path = CenterMessageListViewModel.swift; sourceTree = "<group>"; };
		813DB94B1FBBE14A0044193C /* FeaturedMessageListViewModel.swift */ = {isa = PBXFileReference; lastKnownFileType = sourcecode.swift; path = FeaturedMessageListViewModel.swift; sourceTree = "<group>"; };
		813DB94D1FBBE1600044193C /* FeaturedMessageListViewController.swift */ = {isa = PBXFileReference; lastKnownFileType = sourcecode.swift; path = FeaturedMessageListViewController.swift; sourceTree = "<group>"; };
		813EB50B1FBC1C9300A2FA6D /* UICollectionView+Ext.swift */ = {isa = PBXFileReference; lastKnownFileType = sourcecode.swift; path = "UICollectionView+Ext.swift"; sourceTree = "<group>"; };
		813EB50D1FBC1E3400A2FA6D /* SermonListCollectionViewCell.swift */ = {isa = PBXFileReference; lastKnownFileType = sourcecode.swift; path = SermonListCollectionViewCell.swift; sourceTree = "<group>"; };
		813EB50E1FBC1E3400A2FA6D /* SermonListCollectionViewCell.xib */ = {isa = PBXFileReference; lastKnownFileType = file.xib; path = SermonListCollectionViewCell.xib; sourceTree = "<group>"; };
		814114201FBAAE2000669EE0 /* UITableView+Ext.swift */ = {isa = PBXFileReference; lastKnownFileType = sourcecode.swift; path = "UITableView+Ext.swift"; sourceTree = "<group>"; };
		8164E3E21FB95EA20054384D /* Glorious.app */ = {isa = PBXFileReference; explicitFileType = wrapper.application; includeInIndex = 0; path = Glorious.app; sourceTree = BUILT_PRODUCTS_DIR; };
		8164E3E51FB95EA20054384D /* AppDelegate.swift */ = {isa = PBXFileReference; lastKnownFileType = sourcecode.swift; path = AppDelegate.swift; sourceTree = "<group>"; };
		8164E3EA1FB95EA20054384D /* Base */ = {isa = PBXFileReference; lastKnownFileType = file.storyboard; name = Base; path = Base.lproj/Main.storyboard; sourceTree = "<group>"; };
		8164E3ED1FB95EA20054384D /* Glorious.xcdatamodel */ = {isa = PBXFileReference; lastKnownFileType = wrapper.xcdatamodel; path = Glorious.xcdatamodel; sourceTree = "<group>"; };
		8164E3EF1FB95EA20054384D /* Assets.xcassets */ = {isa = PBXFileReference; lastKnownFileType = folder.assetcatalog; path = Assets.xcassets; sourceTree = "<group>"; };
		8164E3F21FB95EA20054384D /* Base */ = {isa = PBXFileReference; lastKnownFileType = file.storyboard; name = Base; path = Base.lproj/LaunchScreen.storyboard; sourceTree = "<group>"; };
		8164E3F41FB95EA20054384D /* Info.plist */ = {isa = PBXFileReference; lastKnownFileType = text.plist.xml; path = Info.plist; sourceTree = "<group>"; };
		8164E3F91FB95EA20054384D /* GloriousTests.xctest */ = {isa = PBXFileReference; explicitFileType = wrapper.cfbundle; includeInIndex = 0; path = GloriousTests.xctest; sourceTree = BUILT_PRODUCTS_DIR; };
		8164E3FD1FB95EA20054384D /* GloriousTests.swift */ = {isa = PBXFileReference; lastKnownFileType = sourcecode.swift; path = GloriousTests.swift; sourceTree = "<group>"; };
		8164E3FF1FB95EA20054384D /* Info.plist */ = {isa = PBXFileReference; lastKnownFileType = text.plist.xml; path = Info.plist; sourceTree = "<group>"; };
		8164E4041FB95EA20054384D /* GloriousUITests.xctest */ = {isa = PBXFileReference; explicitFileType = wrapper.cfbundle; includeInIndex = 0; path = GloriousUITests.xctest; sourceTree = BUILT_PRODUCTS_DIR; };
		8164E4081FB95EA20054384D /* GloriousUITests.swift */ = {isa = PBXFileReference; lastKnownFileType = sourcecode.swift; path = GloriousUITests.swift; sourceTree = "<group>"; };
		8164E40A1FB95EA20054384D /* Info.plist */ = {isa = PBXFileReference; lastKnownFileType = text.plist.xml; path = Info.plist; sourceTree = "<group>"; };
		8164E41B1FB9671A0054384D /* SermonListViewController.swift */ = {isa = PBXFileReference; lastKnownFileType = sourcecode.swift; path = SermonListViewController.swift; sourceTree = "<group>"; };
		8164E41D1FB967A00054384D /* SermonListViewModel.swift */ = {isa = PBXFileReference; lastKnownFileType = sourcecode.swift; path = SermonListViewModel.swift; sourceTree = "<group>"; };
		8164E41F1FB968290054384D /* Stage.swift */ = {isa = PBXFileReference; lastKnownFileType = sourcecode.swift; path = Stage.swift; sourceTree = "<group>"; };
		8164E4241FB96D820054384D /* ViewModelBase.swift */ = {isa = PBXFileReference; lastKnownFileType = sourcecode.swift; path = ViewModelBase.swift; sourceTree = "<group>"; };
		8164E4261FB96DB10054384D /* Navigator.swift */ = {isa = PBXFileReference; lastKnownFileType = sourcecode.swift; path = Navigator.swift; sourceTree = "<group>"; };
		8164E4281FB96DC50054384D /* NavigatorType.swift */ = {isa = PBXFileReference; lastKnownFileType = sourcecode.swift; path = NavigatorType.swift; sourceTree = "<group>"; };
		8164E42A1FB96F2E0054384D /* ViewModelBindable.swift */ = {isa = PBXFileReference; lastKnownFileType = sourcecode.swift; path = ViewModelBindable.swift; sourceTree = "<group>"; };
		8164E42C1FB970A30054384D /* Identifiable.swift */ = {isa = PBXFileReference; lastKnownFileType = sourcecode.swift; path = Identifiable.swift; sourceTree = "<group>"; };
		8164E42E1FB970B10054384D /* NibLoadable.swift */ = {isa = PBXFileReference; lastKnownFileType = sourcecode.swift; path = NibLoadable.swift; sourceTree = "<group>"; };
		8164E4301FB9721A0054384D /* Sermon.swift */ = {isa = PBXFileReference; lastKnownFileType = sourcecode.swift; path = Sermon.swift; sourceTree = "<group>"; };
		8164E4331FB974C40054384D /* APIService.swift */ = {isa = PBXFileReference; lastKnownFileType = sourcecode.swift; path = APIService.swift; sourceTree = "<group>"; };
		8164E4371FB995BC0054384D /* SermonTableViewCell.swift */ = {isa = PBXFileReference; lastKnownFileType = sourcecode.swift; path = SermonTableViewCell.swift; sourceTree = "<group>"; };
		8164E4381FB995BC0054384D /* SermonTableViewCell.xib */ = {isa = PBXFileReference; lastKnownFileType = file.xib; path = SermonTableViewCell.xib; sourceTree = "<group>"; };
		98A47D47E51FFC77BC749A28 /* Pods-GloriousTests.debug.xcconfig */ = {isa = PBXFileReference; includeInIndex = 1; lastKnownFileType = text.xcconfig; name = "Pods-GloriousTests.debug.xcconfig"; path = "Pods/Target Support Files/Pods-GloriousTests/Pods-GloriousTests.debug.xcconfig"; sourceTree = "<group>"; };
		9BD62D5F4DD69F3F360A4A62 /* Pods_Glorious.framework */ = {isa = PBXFileReference; explicitFileType = wrapper.framework; includeInIndex = 0; path = Pods_Glorious.framework; sourceTree = BUILT_PRODUCTS_DIR; };
		BA85DBFAB70D0A3AD9953F96 /* Pods-GloriousTests.release.xcconfig */ = {isa = PBXFileReference; includeInIndex = 1; lastKnownFileType = text.xcconfig; name = "Pods-GloriousTests.release.xcconfig"; path = "Pods/Target Support Files/Pods-GloriousTests/Pods-GloriousTests.release.xcconfig"; sourceTree = "<group>"; };
		D462DE5A4495D2373C124CA2 /* Pods_GloriousTests.framework */ = {isa = PBXFileReference; explicitFileType = wrapper.framework; includeInIndex = 0; path = Pods_GloriousTests.framework; sourceTree = BUILT_PRODUCTS_DIR; };
		ED74AB95135864BEDC09C141 /* Pods-GloriousUITests.release.xcconfig */ = {isa = PBXFileReference; includeInIndex = 1; lastKnownFileType = text.xcconfig; name = "Pods-GloriousUITests.release.xcconfig"; path = "Pods/Target Support Files/Pods-GloriousUITests/Pods-GloriousUITests.release.xcconfig"; sourceTree = "<group>"; };
/* End PBXFileReference section */

/* Begin PBXFrameworksBuildPhase section */
		8164E3DF1FB95EA20054384D /* Frameworks */ = {
			isa = PBXFrameworksBuildPhase;
			buildActionMask = 2147483647;
			files = (
				61894EB15C145EE8B646EB25 /* Pods_Glorious.framework in Frameworks */,
			);
			runOnlyForDeploymentPostprocessing = 0;
		};
		8164E3F61FB95EA20054384D /* Frameworks */ = {
			isa = PBXFrameworksBuildPhase;
			buildActionMask = 2147483647;
			files = (
				15F6344187F4F278FE1B35F5 /* Pods_GloriousTests.framework in Frameworks */,
			);
			runOnlyForDeploymentPostprocessing = 0;
		};
		8164E4011FB95EA20054384D /* Frameworks */ = {
			isa = PBXFrameworksBuildPhase;
			buildActionMask = 2147483647;
			files = (
				A92B6AECF046CCD46420DCE7 /* Pods_GloriousUITests.framework in Frameworks */,
			);
			runOnlyForDeploymentPostprocessing = 0;
		};
/* End PBXFrameworksBuildPhase section */

/* Begin PBXGroup section */
		00BDD2F7A44693FB2BD40DCC /* Pods */ = {
			isa = PBXGroup;
			children = (
				052FE3A5BE4787E8CB56A9A7 /* Pods-Glorious.debug.xcconfig */,
				7E006BE7E0C344B28768C2C8 /* Pods-Glorious.release.xcconfig */,
				98A47D47E51FFC77BC749A28 /* Pods-GloriousTests.debug.xcconfig */,
				BA85DBFAB70D0A3AD9953F96 /* Pods-GloriousTests.release.xcconfig */,
				0FA3976E8180A1B4C91EFC51 /* Pods-GloriousUITests.debug.xcconfig */,
				ED74AB95135864BEDC09C141 /* Pods-GloriousUITests.release.xcconfig */,
			);
			name = Pods;
			sourceTree = "<group>";
		};
		8136F0C11FBED7C4004463D7 /* Animator */ = {
			isa = PBXGroup;
			children = (
				8136F0C21FBED814004463D7 /* StretchingAnimator.swift */,
			);
			path = Animator;
			sourceTree = "<group>";
		};
		8141141F1FBAAE0C00669EE0 /* UI+Extension */ = {
			isa = PBXGroup;
			children = (
				814114201FBAAE2000669EE0 /* UITableView+Ext.swift */,
				813EB50B1FBC1C9300A2FA6D /* UICollectionView+Ext.swift */,
			);
			path = "UI+Extension";
			sourceTree = "<group>";
		};
		8164E3D91FB95EA20054384D = {
			isa = PBXGroup;
			children = (
				8164E3E41FB95EA20054384D /* Glorious */,
				8164E3FC1FB95EA20054384D /* GloriousTests */,
				8164E4071FB95EA20054384D /* GloriousUITests */,
				8164E3E31FB95EA20054384D /* Products */,
				00BDD2F7A44693FB2BD40DCC /* Pods */,
				F1B49977D0FEA25A5298003E /* Frameworks */,
			);
			sourceTree = "<group>";
		};
		8164E3E31FB95EA20054384D /* Products */ = {
			isa = PBXGroup;
			children = (
				8164E3E21FB95EA20054384D /* Glorious.app */,
				8164E3F91FB95EA20054384D /* GloriousTests.xctest */,
				8164E4041FB95EA20054384D /* GloriousUITests.xctest */,
			);
			name = Products;
			sourceTree = "<group>";
		};
		8164E3E41FB95EA20054384D /* Glorious */ = {
			isa = PBXGroup;
			children = (
				8164E3E51FB95EA20054384D /* AppDelegate.swift */,
				8164E4191FB964E40054384D /* Resource */,
				8164E4181FB962D30054384D /* Util */,
				8164E4351FB9955F0054384D /* View */,
				8164E4171FB960B20054384D /* Controller */,
				8164E4161FB95F070054384D /* Model */,
				8164E3E91FB95EA20054384D /* Main.storyboard */,
				8164E3F11FB95EA20054384D /* LaunchScreen.storyboard */,
				8164E3F41FB95EA20054384D /* Info.plist */,
			);
			path = Glorious;
			sourceTree = "<group>";
		};
		8164E3FC1FB95EA20054384D /* GloriousTests */ = {
			isa = PBXGroup;
			children = (
				8164E3FD1FB95EA20054384D /* GloriousTests.swift */,
				8164E3FF1FB95EA20054384D /* Info.plist */,
			);
			path = GloriousTests;
			sourceTree = "<group>";
		};
		8164E4071FB95EA20054384D /* GloriousUITests */ = {
			isa = PBXGroup;
			children = (
				8164E4081FB95EA20054384D /* GloriousUITests.swift */,
				8164E40A1FB95EA20054384D /* Info.plist */,
			);
			path = GloriousUITests;
			sourceTree = "<group>";
		};
		8164E4161FB95F070054384D /* Model */ = {
			isa = PBXGroup;
			children = (
				8164E4301FB9721A0054384D /* Sermon.swift */,
			);
			path = Model;
			sourceTree = "<group>";
		};
		8164E4171FB960B20054384D /* Controller */ = {
			isa = PBXGroup;
			children = (
				813DB9431FBBCE9A0044193C /* MainTabBarController.swift */,
				8136F0BF1FBECFC0004463D7 /* MainSplashViewController.swift */,
				8164E41B1FB9671A0054384D /* SermonListViewController.swift */,
				8164E41D1FB967A00054384D /* SermonListViewModel.swift */,
				813DB9471FBBE12A0044193C /* CenterMessageListViewController.swift */,
				813DB9491FBBE1380044193C /* CenterMessageListViewModel.swift */,
				813DB94D1FBBE1600044193C /* FeaturedMessageListViewController.swift */,
				813DB94B1FBBE14A0044193C /* FeaturedMessageListViewModel.swift */,
			);
			path = Controller;
			sourceTree = "<group>";
		};
		8164E4181FB962D30054384D /* Util */ = {
			isa = PBXGroup;
			children = (
				8136F0C11FBED7C4004463D7 /* Animator */,
				8164E4321FB9735B0054384D /* API */,
				8164E4221FB96C760054384D /* Addon */,
				8164E4211FB96C650054384D /* Foundation */,
				8164E41A1FB965360054384D /* Navigator */,
				813DB9451FBBDF9A0044193C /* R.swift */,
				8136A7461FBDCCBD003B37C5 /* Utils.swift */,
			);
			path = Util;
			sourceTree = "<group>";
		};
		8164E4191FB964E40054384D /* Resource */ = {
			isa = PBXGroup;
			children = (
				8164E3EF1FB95EA20054384D /* Assets.xcassets */,
				8164E3EC1FB95EA20054384D /* Glorious.xcdatamodeld */,
			);
			path = Resource;
			sourceTree = "<group>";
		};
		8164E41A1FB965360054384D /* Navigator */ = {
			isa = PBXGroup;
			children = (
				8164E41F1FB968290054384D /* Stage.swift */,
				8164E4261FB96DB10054384D /* Navigator.swift */,
				8164E4281FB96DC50054384D /* NavigatorType.swift */,
			);
			path = Navigator;
			sourceTree = "<group>";
		};
		8164E4211FB96C650054384D /* Foundation */ = {
			isa = PBXGroup;
			children = (
				8164E4241FB96D820054384D /* ViewModelBase.swift */,
			);
			path = Foundation;
			sourceTree = "<group>";
		};
		8164E4221FB96C760054384D /* Addon */ = {
			isa = PBXGroup;
			children = (
				8164E42A1FB96F2E0054384D /* ViewModelBindable.swift */,
				8164E42C1FB970A30054384D /* Identifiable.swift */,
				8164E42E1FB970B10054384D /* NibLoadable.swift */,
			);
			path = Addon;
			sourceTree = "<group>";
		};
		8164E4321FB9735B0054384D /* API */ = {
			isa = PBXGroup;
			children = (
				8164E4331FB974C40054384D /* APIService.swift */,
			);
			path = API;
			sourceTree = "<group>";
		};
		8164E4351FB9955F0054384D /* View */ = {
			isa = PBXGroup;
			children = (
				8141141F1FBAAE0C00669EE0 /* UI+Extension */,
				8164E4361FB995850054384D /* Cell */,
			);
			path = View;
			sourceTree = "<group>";
		};
		8164E4361FB995850054384D /* Cell */ = {
			isa = PBXGroup;
			children = (
				8164E4371FB995BC0054384D /* SermonTableViewCell.swift */,
				8164E4381FB995BC0054384D /* SermonTableViewCell.xib */,
				813EB50D1FBC1E3400A2FA6D /* SermonListCollectionViewCell.swift */,
				813EB50E1FBC1E3400A2FA6D /* SermonListCollectionViewCell.xib */,
			);
			path = Cell;
			sourceTree = "<group>";
		};
		F1B49977D0FEA25A5298003E /* Frameworks */ = {
			isa = PBXGroup;
			children = (
				9BD62D5F4DD69F3F360A4A62 /* Pods_Glorious.framework */,
				D462DE5A4495D2373C124CA2 /* Pods_GloriousTests.framework */,
				0094D2BF2E01C6F4833B8B8B /* Pods_GloriousUITests.framework */,
			);
			name = Frameworks;
			sourceTree = "<group>";
		};
/* End PBXGroup section */

/* Begin PBXNativeTarget section */
		8164E3E11FB95EA20054384D /* Glorious */ = {
			isa = PBXNativeTarget;
			buildConfigurationList = 8164E40D1FB95EA20054384D /* Build configuration list for PBXNativeTarget "Glorious" */;
			buildPhases = (
				B2B2D8D684441DFB1BCAD484 /* [CP] Check Pods Manifest.lock */,
				8164E3DE1FB95EA20054384D /* Sources */,
				8164E3DF1FB95EA20054384D /* Frameworks */,
				8164E3E01FB95EA20054384D /* Resources */,
				603B18742C709BD6C3110994 /* [CP] Embed Pods Frameworks */,
				969843AE5BEE867A664B6CF3 /* [CP] Copy Pods Resources */,
			);
			buildRules = (
			);
			dependencies = (
			);
			name = Glorious;
			productName = Glorious;
			productReference = 8164E3E21FB95EA20054384D /* Glorious.app */;
			productType = "com.apple.product-type.application";
		};
		8164E3F81FB95EA20054384D /* GloriousTests */ = {
			isa = PBXNativeTarget;
			buildConfigurationList = 8164E4101FB95EA20054384D /* Build configuration list for PBXNativeTarget "GloriousTests" */;
			buildPhases = (
				1A0DAC7C1567BE0A590618CA /* [CP] Check Pods Manifest.lock */,
				8164E3F51FB95EA20054384D /* Sources */,
				8164E3F61FB95EA20054384D /* Frameworks */,
				8164E3F71FB95EA20054384D /* Resources */,
				237C670DBFE7CE2B0D40402C /* [CP] Embed Pods Frameworks */,
				D14FB9F6881D2C45665F5BA6 /* [CP] Copy Pods Resources */,
			);
			buildRules = (
			);
			dependencies = (
				8164E3FB1FB95EA20054384D /* PBXTargetDependency */,
			);
			name = GloriousTests;
			productName = GloriousTests;
			productReference = 8164E3F91FB95EA20054384D /* GloriousTests.xctest */;
			productType = "com.apple.product-type.bundle.unit-test";
		};
		8164E4031FB95EA20054384D /* GloriousUITests */ = {
			isa = PBXNativeTarget;
			buildConfigurationList = 8164E4131FB95EA20054384D /* Build configuration list for PBXNativeTarget "GloriousUITests" */;
			buildPhases = (
				DC1A8FC91A428397D8657B42 /* [CP] Check Pods Manifest.lock */,
				8164E4001FB95EA20054384D /* Sources */,
				8164E4011FB95EA20054384D /* Frameworks */,
				8164E4021FB95EA20054384D /* Resources */,
				76DBF59C8DA68B835A2326CF /* [CP] Embed Pods Frameworks */,
				91DBC790D42660C6A1C33ABE /* [CP] Copy Pods Resources */,
			);
			buildRules = (
			);
			dependencies = (
				8164E4061FB95EA20054384D /* PBXTargetDependency */,
			);
			name = GloriousUITests;
			productName = GloriousUITests;
			productReference = 8164E4041FB95EA20054384D /* GloriousUITests.xctest */;
			productType = "com.apple.product-type.bundle.ui-testing";
		};
/* End PBXNativeTarget section */

/* Begin PBXProject section */
		8164E3DA1FB95EA20054384D /* Project object */ = {
			isa = PBXProject;
			attributes = {
				LastSwiftUpdateCheck = 0900;
				LastUpgradeCheck = 0900;
				ORGANIZATIONNAME = church;
				TargetAttributes = {
					8164E3E11FB95EA20054384D = {
						CreatedOnToolsVersion = 9.0;
						ProvisioningStyle = Automatic;
					};
					8164E3F81FB95EA20054384D = {
						CreatedOnToolsVersion = 9.0;
						ProvisioningStyle = Automatic;
						TestTargetID = 8164E3E11FB95EA20054384D;
					};
					8164E4031FB95EA20054384D = {
						CreatedOnToolsVersion = 9.0;
						ProvisioningStyle = Automatic;
						TestTargetID = 8164E3E11FB95EA20054384D;
					};
				};
			};
			buildConfigurationList = 8164E3DD1FB95EA20054384D /* Build configuration list for PBXProject "Glorious" */;
			compatibilityVersion = "Xcode 8.0";
			developmentRegion = en;
			hasScannedForEncodings = 0;
			knownRegions = (
				en,
				Base,
			);
			mainGroup = 8164E3D91FB95EA20054384D;
			productRefGroup = 8164E3E31FB95EA20054384D /* Products */;
			projectDirPath = "";
			projectRoot = "";
			targets = (
				8164E3E11FB95EA20054384D /* Glorious */,
				8164E3F81FB95EA20054384D /* GloriousTests */,
				8164E4031FB95EA20054384D /* GloriousUITests */,
			);
		};
/* End PBXProject section */

/* Begin PBXResourcesBuildPhase section */
		8164E3E01FB95EA20054384D /* Resources */ = {
			isa = PBXResourcesBuildPhase;
			buildActionMask = 2147483647;
			files = (
				8164E3F31FB95EA20054384D /* LaunchScreen.storyboard in Resources */,
				8164E3F01FB95EA20054384D /* Assets.xcassets in Resources */,
				8164E3EB1FB95EA20054384D /* Main.storyboard in Resources */,
				813EB5101FBC1E3400A2FA6D /* SermonListCollectionViewCell.xib in Resources */,
				8164E43A1FB995BC0054384D /* SermonTableViewCell.xib in Resources */,
			);
			runOnlyForDeploymentPostprocessing = 0;
		};
		8164E3F71FB95EA20054384D /* Resources */ = {
			isa = PBXResourcesBuildPhase;
			buildActionMask = 2147483647;
			files = (
			);
			runOnlyForDeploymentPostprocessing = 0;
		};
		8164E4021FB95EA20054384D /* Resources */ = {
			isa = PBXResourcesBuildPhase;
			buildActionMask = 2147483647;
			files = (
			);
			runOnlyForDeploymentPostprocessing = 0;
		};
/* End PBXResourcesBuildPhase section */

/* Begin PBXShellScriptBuildPhase section */
		1A0DAC7C1567BE0A590618CA /* [CP] Check Pods Manifest.lock */ = {
			isa = PBXShellScriptBuildPhase;
			buildActionMask = 2147483647;
			files = (
			);
			inputPaths = (
			);
			name = "[CP] Check Pods Manifest.lock";
			outputPaths = (
			);
			runOnlyForDeploymentPostprocessing = 0;
			shellPath = /bin/sh;
			shellScript = "diff \"${PODS_PODFILE_DIR_PATH}/Podfile.lock\" \"${PODS_ROOT}/Manifest.lock\" > /dev/null\nif [ $? != 0 ] ; then\n    # print error to STDERR\n    echo \"error: The sandbox is not in sync with the Podfile.lock. Run 'pod install' or update your CocoaPods installation.\" >&2\n    exit 1\nfi\n";
			showEnvVarsInLog = 0;
		};
		237C670DBFE7CE2B0D40402C /* [CP] Embed Pods Frameworks */ = {
			isa = PBXShellScriptBuildPhase;
			buildActionMask = 2147483647;
			files = (
			);
			inputPaths = (
			);
			name = "[CP] Embed Pods Frameworks";
			outputPaths = (
			);
			runOnlyForDeploymentPostprocessing = 0;
			shellPath = /bin/sh;
			shellScript = "\"${SRCROOT}/Pods/Target Support Files/Pods-GloriousTests/Pods-GloriousTests-frameworks.sh\"\n";
			showEnvVarsInLog = 0;
		};
		603B18742C709BD6C3110994 /* [CP] Embed Pods Frameworks */ = {
			isa = PBXShellScriptBuildPhase;
			buildActionMask = 2147483647;
			files = (
			);
			inputPaths = (
			);
			name = "[CP] Embed Pods Frameworks";
			outputPaths = (
			);
			runOnlyForDeploymentPostprocessing = 0;
			shellPath = /bin/sh;
			shellScript = "\"${SRCROOT}/Pods/Target Support Files/Pods-Glorious/Pods-Glorious-frameworks.sh\"\n";
			showEnvVarsInLog = 0;
		};
		76DBF59C8DA68B835A2326CF /* [CP] Embed Pods Frameworks */ = {
			isa = PBXShellScriptBuildPhase;
			buildActionMask = 2147483647;
			files = (
			);
			inputPaths = (
			);
			name = "[CP] Embed Pods Frameworks";
			outputPaths = (
			);
			runOnlyForDeploymentPostprocessing = 0;
			shellPath = /bin/sh;
			shellScript = "\"${SRCROOT}/Pods/Target Support Files/Pods-GloriousUITests/Pods-GloriousUITests-frameworks.sh\"\n";
			showEnvVarsInLog = 0;
		};
		91DBC790D42660C6A1C33ABE /* [CP] Copy Pods Resources */ = {
			isa = PBXShellScriptBuildPhase;
			buildActionMask = 2147483647;
			files = (
			);
			inputPaths = (
			);
			name = "[CP] Copy Pods Resources";
			outputPaths = (
			);
			runOnlyForDeploymentPostprocessing = 0;
			shellPath = /bin/sh;
			shellScript = "\"${SRCROOT}/Pods/Target Support Files/Pods-GloriousUITests/Pods-GloriousUITests-resources.sh\"\n";
			showEnvVarsInLog = 0;
		};
		969843AE5BEE867A664B6CF3 /* [CP] Copy Pods Resources */ = {
			isa = PBXShellScriptBuildPhase;
			buildActionMask = 2147483647;
			files = (
			);
			inputPaths = (
			);
			name = "[CP] Copy Pods Resources";
			outputPaths = (
			);
			runOnlyForDeploymentPostprocessing = 0;
			shellPath = /bin/sh;
			shellScript = "\"${SRCROOT}/Pods/Target Support Files/Pods-Glorious/Pods-Glorious-resources.sh\"\n";
			showEnvVarsInLog = 0;
		};
		B2B2D8D684441DFB1BCAD484 /* [CP] Check Pods Manifest.lock */ = {
			isa = PBXShellScriptBuildPhase;
			buildActionMask = 2147483647;
			files = (
			);
			inputPaths = (
			);
			name = "[CP] Check Pods Manifest.lock";
			outputPaths = (
			);
			runOnlyForDeploymentPostprocessing = 0;
			shellPath = /bin/sh;
			shellScript = "diff \"${PODS_PODFILE_DIR_PATH}/Podfile.lock\" \"${PODS_ROOT}/Manifest.lock\" > /dev/null\nif [ $? != 0 ] ; then\n    # print error to STDERR\n    echo \"error: The sandbox is not in sync with the Podfile.lock. Run 'pod install' or update your CocoaPods installation.\" >&2\n    exit 1\nfi\n";
			showEnvVarsInLog = 0;
		};
		D14FB9F6881D2C45665F5BA6 /* [CP] Copy Pods Resources */ = {
			isa = PBXShellScriptBuildPhase;
			buildActionMask = 2147483647;
			files = (
			);
			inputPaths = (
			);
			name = "[CP] Copy Pods Resources";
			outputPaths = (
			);
			runOnlyForDeploymentPostprocessing = 0;
			shellPath = /bin/sh;
			shellScript = "\"${SRCROOT}/Pods/Target Support Files/Pods-GloriousTests/Pods-GloriousTests-resources.sh\"\n";
			showEnvVarsInLog = 0;
		};
		DC1A8FC91A428397D8657B42 /* [CP] Check Pods Manifest.lock */ = {
			isa = PBXShellScriptBuildPhase;
			buildActionMask = 2147483647;
			files = (
			);
			inputPaths = (
			);
			name = "[CP] Check Pods Manifest.lock";
			outputPaths = (
			);
			runOnlyForDeploymentPostprocessing = 0;
			shellPath = /bin/sh;
			shellScript = "diff \"${PODS_PODFILE_DIR_PATH}/Podfile.lock\" \"${PODS_ROOT}/Manifest.lock\" > /dev/null\nif [ $? != 0 ] ; then\n    # print error to STDERR\n    echo \"error: The sandbox is not in sync with the Podfile.lock. Run 'pod install' or update your CocoaPods installation.\" >&2\n    exit 1\nfi\n";
			showEnvVarsInLog = 0;
		};
/* End PBXShellScriptBuildPhase section */

/* Begin PBXSourcesBuildPhase section */
		8164E3DE1FB95EA20054384D /* Sources */ = {
			isa = PBXSourcesBuildPhase;
			buildActionMask = 2147483647;
			files = (
				8164E4271FB96DB10054384D /* Navigator.swift in Sources */,
				8164E41E1FB967A00054384D /* SermonListViewModel.swift in Sources */,
				813DB94C1FBBE14A0044193C /* FeaturedMessageListViewModel.swift in Sources */,
				8164E41C1FB9671A0054384D /* SermonListViewController.swift in Sources */,
				8164E4391FB995BC0054384D /* SermonTableViewCell.swift in Sources */,
				8164E42D1FB970A30054384D /* Identifiable.swift in Sources */,
				813DB94E1FBBE1600044193C /* FeaturedMessageListViewController.swift in Sources */,
				8164E42B1FB96F2E0054384D /* ViewModelBindable.swift in Sources */,
				8164E42F1FB970B10054384D /* NibLoadable.swift in Sources */,
				8164E4291FB96DC50054384D /* NavigatorType.swift in Sources */,
				8164E3EE1FB95EA20054384D /* Glorious.xcdatamodeld in Sources */,
				8164E3E61FB95EA20054384D /* AppDelegate.swift in Sources */,
				813DB94A1FBBE1380044193C /* CenterMessageListViewModel.swift in Sources */,
				8136F0C01FBECFC0004463D7 /* MainSplashViewController.swift in Sources */,
				813EB50F1FBC1E3400A2FA6D /* SermonListCollectionViewCell.swift in Sources */,
				813DB9441FBBCE9A0044193C /* MainTabBarController.swift in Sources */,
				8164E4341FB974C40054384D /* APIService.swift in Sources */,
				813DB9461FBBDF9A0044193C /* R.swift in Sources */,
				813EB50C1FBC1C9300A2FA6D /* UICollectionView+Ext.swift in Sources */,
				8164E4201FB968290054384D /* Stage.swift in Sources */,
				814114211FBAAE2000669EE0 /* UITableView+Ext.swift in Sources */,
				8164E4251FB96D820054384D /* ViewModelBase.swift in Sources */,
				8136F0C31FBED814004463D7 /* StretchingAnimator.swift in Sources */,
				8164E4311FB9721A0054384D /* Sermon.swift in Sources */,
				813DB9481FBBE12A0044193C /* CenterMessageListViewController.swift in Sources */,
				8136A7471FBDCCBD003B37C5 /* Utils.swift in Sources */,
			);
			runOnlyForDeploymentPostprocessing = 0;
		};
		8164E3F51FB95EA20054384D /* Sources */ = {
			isa = PBXSourcesBuildPhase;
			buildActionMask = 2147483647;
			files = (
				8164E3FE1FB95EA20054384D /* GloriousTests.swift in Sources */,
			);
			runOnlyForDeploymentPostprocessing = 0;
		};
		8164E4001FB95EA20054384D /* Sources */ = {
			isa = PBXSourcesBuildPhase;
			buildActionMask = 2147483647;
			files = (
				8164E4091FB95EA20054384D /* GloriousUITests.swift in Sources */,
			);
			runOnlyForDeploymentPostprocessing = 0;
		};
/* End PBXSourcesBuildPhase section */

/* Begin PBXTargetDependency section */
		8164E3FB1FB95EA20054384D /* PBXTargetDependency */ = {
			isa = PBXTargetDependency;
			target = 8164E3E11FB95EA20054384D /* Glorious */;
			targetProxy = 8164E3FA1FB95EA20054384D /* PBXContainerItemProxy */;
		};
		8164E4061FB95EA20054384D /* PBXTargetDependency */ = {
			isa = PBXTargetDependency;
			target = 8164E3E11FB95EA20054384D /* Glorious */;
			targetProxy = 8164E4051FB95EA20054384D /* PBXContainerItemProxy */;
		};
/* End PBXTargetDependency section */

/* Begin PBXVariantGroup section */
		8164E3E91FB95EA20054384D /* Main.storyboard */ = {
			isa = PBXVariantGroup;
			children = (
				8164E3EA1FB95EA20054384D /* Base */,
			);
			name = Main.storyboard;
			sourceTree = "<group>";
		};
		8164E3F11FB95EA20054384D /* LaunchScreen.storyboard */ = {
			isa = PBXVariantGroup;
			children = (
				8164E3F21FB95EA20054384D /* Base */,
			);
			name = LaunchScreen.storyboard;
			sourceTree = "<group>";
		};
/* End PBXVariantGroup section */

/* Begin XCBuildConfiguration section */
		8164E40B1FB95EA20054384D /* Debug */ = {
			isa = XCBuildConfiguration;
			buildSettings = {
				ALWAYS_SEARCH_USER_PATHS = NO;
				CLANG_ANALYZER_NONNULL = YES;
				CLANG_ANALYZER_NUMBER_OBJECT_CONVERSION = YES_AGGRESSIVE;
				CLANG_CXX_LANGUAGE_STANDARD = "gnu++14";
				CLANG_CXX_LIBRARY = "libc++";
				CLANG_ENABLE_MODULES = YES;
				CLANG_ENABLE_OBJC_ARC = YES;
				CLANG_WARN_BLOCK_CAPTURE_AUTORELEASING = YES;
				CLANG_WARN_BOOL_CONVERSION = YES;
				CLANG_WARN_COMMA = YES;
				CLANG_WARN_CONSTANT_CONVERSION = YES;
				CLANG_WARN_DIRECT_OBJC_ISA_USAGE = YES_ERROR;
				CLANG_WARN_DOCUMENTATION_COMMENTS = YES;
				CLANG_WARN_EMPTY_BODY = YES;
				CLANG_WARN_ENUM_CONVERSION = YES;
				CLANG_WARN_INFINITE_RECURSION = YES;
				CLANG_WARN_INT_CONVERSION = YES;
				CLANG_WARN_NON_LITERAL_NULL_CONVERSION = YES;
				CLANG_WARN_OBJC_LITERAL_CONVERSION = YES;
				CLANG_WARN_OBJC_ROOT_CLASS = YES_ERROR;
				CLANG_WARN_RANGE_LOOP_ANALYSIS = YES;
				CLANG_WARN_STRICT_PROTOTYPES = YES;
				CLANG_WARN_SUSPICIOUS_MOVE = YES;
				CLANG_WARN_UNGUARDED_AVAILABILITY = YES_AGGRESSIVE;
				CLANG_WARN_UNREACHABLE_CODE = YES;
				CLANG_WARN__DUPLICATE_METHOD_MATCH = YES;
				CODE_SIGN_IDENTITY = "iPhone Developer";
				COPY_PHASE_STRIP = NO;
				DEBUG_INFORMATION_FORMAT = dwarf;
				ENABLE_STRICT_OBJC_MSGSEND = YES;
				ENABLE_TESTABILITY = YES;
				GCC_C_LANGUAGE_STANDARD = gnu11;
				GCC_DYNAMIC_NO_PIC = NO;
				GCC_NO_COMMON_BLOCKS = YES;
				GCC_OPTIMIZATION_LEVEL = 0;
				GCC_PREPROCESSOR_DEFINITIONS = (
					"DEBUG=1",
					"$(inherited)",
				);
				GCC_WARN_64_TO_32_BIT_CONVERSION = YES;
				GCC_WARN_ABOUT_RETURN_TYPE = YES_ERROR;
				GCC_WARN_UNDECLARED_SELECTOR = YES;
				GCC_WARN_UNINITIALIZED_AUTOS = YES_AGGRESSIVE;
				GCC_WARN_UNUSED_FUNCTION = YES;
				GCC_WARN_UNUSED_VARIABLE = YES;
				IPHONEOS_DEPLOYMENT_TARGET = 11.0;
				MTL_ENABLE_DEBUG_INFO = YES;
				ONLY_ACTIVE_ARCH = YES;
				SDKROOT = iphoneos;
				SWIFT_ACTIVE_COMPILATION_CONDITIONS = DEBUG;
				SWIFT_OPTIMIZATION_LEVEL = "-Onone";
			};
			name = Debug;
		};
		8164E40C1FB95EA20054384D /* Release */ = {
			isa = XCBuildConfiguration;
			buildSettings = {
				ALWAYS_SEARCH_USER_PATHS = NO;
				CLANG_ANALYZER_NONNULL = YES;
				CLANG_ANALYZER_NUMBER_OBJECT_CONVERSION = YES_AGGRESSIVE;
				CLANG_CXX_LANGUAGE_STANDARD = "gnu++14";
				CLANG_CXX_LIBRARY = "libc++";
				CLANG_ENABLE_MODULES = YES;
				CLANG_ENABLE_OBJC_ARC = YES;
				CLANG_WARN_BLOCK_CAPTURE_AUTORELEASING = YES;
				CLANG_WARN_BOOL_CONVERSION = YES;
				CLANG_WARN_COMMA = YES;
				CLANG_WARN_CONSTANT_CONVERSION = YES;
				CLANG_WARN_DIRECT_OBJC_ISA_USAGE = YES_ERROR;
				CLANG_WARN_DOCUMENTATION_COMMENTS = YES;
				CLANG_WARN_EMPTY_BODY = YES;
				CLANG_WARN_ENUM_CONVERSION = YES;
				CLANG_WARN_INFINITE_RECURSION = YES;
				CLANG_WARN_INT_CONVERSION = YES;
				CLANG_WARN_NON_LITERAL_NULL_CONVERSION = YES;
				CLANG_WARN_OBJC_LITERAL_CONVERSION = YES;
				CLANG_WARN_OBJC_ROOT_CLASS = YES_ERROR;
				CLANG_WARN_RANGE_LOOP_ANALYSIS = YES;
				CLANG_WARN_STRICT_PROTOTYPES = YES;
				CLANG_WARN_SUSPICIOUS_MOVE = YES;
				CLANG_WARN_UNGUARDED_AVAILABILITY = YES_AGGRESSIVE;
				CLANG_WARN_UNREACHABLE_CODE = YES;
				CLANG_WARN__DUPLICATE_METHOD_MATCH = YES;
				CODE_SIGN_IDENTITY = "iPhone Developer";
				COPY_PHASE_STRIP = NO;
				DEBUG_INFORMATION_FORMAT = "dwarf-with-dsym";
				ENABLE_NS_ASSERTIONS = NO;
				ENABLE_STRICT_OBJC_MSGSEND = YES;
				GCC_C_LANGUAGE_STANDARD = gnu11;
				GCC_NO_COMMON_BLOCKS = YES;
				GCC_WARN_64_TO_32_BIT_CONVERSION = YES;
				GCC_WARN_ABOUT_RETURN_TYPE = YES_ERROR;
				GCC_WARN_UNDECLARED_SELECTOR = YES;
				GCC_WARN_UNINITIALIZED_AUTOS = YES_AGGRESSIVE;
				GCC_WARN_UNUSED_FUNCTION = YES;
				GCC_WARN_UNUSED_VARIABLE = YES;
				IPHONEOS_DEPLOYMENT_TARGET = 11.0;
				MTL_ENABLE_DEBUG_INFO = NO;
				SDKROOT = iphoneos;
				SWIFT_OPTIMIZATION_LEVEL = "-Owholemodule";
				VALIDATE_PRODUCT = YES;
			};
			name = Release;
		};
		8164E40E1FB95EA20054384D /* Debug */ = {
			isa = XCBuildConfiguration;
			baseConfigurationReference = 052FE3A5BE4787E8CB56A9A7 /* Pods-Glorious.debug.xcconfig */;
			buildSettings = {
				ASSETCATALOG_COMPILER_APPICON_NAME = AppIcon;
				CODE_SIGN_STYLE = Automatic;
				DEVELOPMENT_TEAM = R2ESGSL5P9;
				INFOPLIST_FILE = Glorious/Info.plist;
				IPHONEOS_DEPLOYMENT_TARGET = 10.0;
				LD_RUNPATH_SEARCH_PATHS = "$(inherited) @executable_path/Frameworks";
				PRODUCT_BUNDLE_IDENTIFIER = presbyterian.church.Glorious;
				PRODUCT_NAME = "$(TARGET_NAME)";
				SWIFT_VERSION = 4.0;
				TARGETED_DEVICE_FAMILY = "1,2";
			};
			name = Debug;
		};
		8164E40F1FB95EA20054384D /* Release */ = {
			isa = XCBuildConfiguration;
			baseConfigurationReference = 7E006BE7E0C344B28768C2C8 /* Pods-Glorious.release.xcconfig */;
			buildSettings = {
				ASSETCATALOG_COMPILER_APPICON_NAME = AppIcon;
				CODE_SIGN_STYLE = Automatic;
				DEVELOPMENT_TEAM = R2ESGSL5P9;
				INFOPLIST_FILE = Glorious/Info.plist;
				IPHONEOS_DEPLOYMENT_TARGET = 10.0;
				LD_RUNPATH_SEARCH_PATHS = "$(inherited) @executable_path/Frameworks";
				PRODUCT_BUNDLE_IDENTIFIER = presbyterian.church.Glorious;
				PRODUCT_NAME = "$(TARGET_NAME)";
				SWIFT_VERSION = 4.0;
				TARGETED_DEVICE_FAMILY = "1,2";
			};
			name = Release;
		};
		8164E4111FB95EA20054384D /* Debug */ = {
			isa = XCBuildConfiguration;
			baseConfigurationReference = 98A47D47E51FFC77BC749A28 /* Pods-GloriousTests.debug.xcconfig */;
			buildSettings = {
				ALWAYS_EMBED_SWIFT_STANDARD_LIBRARIES = YES;
				BUNDLE_LOADER = "$(TEST_HOST)";
				CODE_SIGN_STYLE = Automatic;
				DEVELOPMENT_TEAM = R2ESGSL5P9;
				INFOPLIST_FILE = GloriousTests/Info.plist;
				LD_RUNPATH_SEARCH_PATHS = "$(inherited) @executable_path/Frameworks @loader_path/Frameworks";
				PRODUCT_BUNDLE_IDENTIFIER = presbyterian.church.GloriousTests;
				PRODUCT_NAME = "$(TARGET_NAME)";
				SWIFT_VERSION = 4.0;
				TARGETED_DEVICE_FAMILY = "1,2";
				TEST_HOST = "$(BUILT_PRODUCTS_DIR)/Glorious.app/Glorious";
			};
			name = Debug;
		};
		8164E4121FB95EA20054384D /* Release */ = {
			isa = XCBuildConfiguration;
			baseConfigurationReference = BA85DBFAB70D0A3AD9953F96 /* Pods-GloriousTests.release.xcconfig */;
			buildSettings = {
				ALWAYS_EMBED_SWIFT_STANDARD_LIBRARIES = YES;
				BUNDLE_LOADER = "$(TEST_HOST)";
				CODE_SIGN_STYLE = Automatic;
				DEVELOPMENT_TEAM = R2ESGSL5P9;
				INFOPLIST_FILE = GloriousTests/Info.plist;
				LD_RUNPATH_SEARCH_PATHS = "$(inherited) @executable_path/Frameworks @loader_path/Frameworks";
				PRODUCT_BUNDLE_IDENTIFIER = presbyterian.church.GloriousTests;
				PRODUCT_NAME = "$(TARGET_NAME)";
				SWIFT_VERSION = 4.0;
				TARGETED_DEVICE_FAMILY = "1,2";
				TEST_HOST = "$(BUILT_PRODUCTS_DIR)/Glorious.app/Glorious";
			};
			name = Release;
		};
		8164E4141FB95EA20054384D /* Debug */ = {
			isa = XCBuildConfiguration;
			baseConfigurationReference = 0FA3976E8180A1B4C91EFC51 /* Pods-GloriousUITests.debug.xcconfig */;
			buildSettings = {
				ALWAYS_EMBED_SWIFT_STANDARD_LIBRARIES = YES;
				CODE_SIGN_STYLE = Automatic;
				DEVELOPMENT_TEAM = R2ESGSL5P9;
				INFOPLIST_FILE = GloriousUITests/Info.plist;
				LD_RUNPATH_SEARCH_PATHS = "$(inherited) @executable_path/Frameworks @loader_path/Frameworks";
				PRODUCT_BUNDLE_IDENTIFIER = presbyterian.church.GloriousUITests;
				PRODUCT_NAME = "$(TARGET_NAME)";
				SWIFT_VERSION = 4.0;
				TARGETED_DEVICE_FAMILY = "1,2";
				TEST_TARGET_NAME = Glorious;
			};
			name = Debug;
		};
		8164E4151FB95EA20054384D /* Release */ = {
			isa = XCBuildConfiguration;
			baseConfigurationReference = ED74AB95135864BEDC09C141 /* Pods-GloriousUITests.release.xcconfig */;
			buildSettings = {
				ALWAYS_EMBED_SWIFT_STANDARD_LIBRARIES = YES;
				CODE_SIGN_STYLE = Automatic;
				DEVELOPMENT_TEAM = R2ESGSL5P9;
				INFOPLIST_FILE = GloriousUITests/Info.plist;
				LD_RUNPATH_SEARCH_PATHS = "$(inherited) @executable_path/Frameworks @loader_path/Frameworks";
				PRODUCT_BUNDLE_IDENTIFIER = presbyterian.church.GloriousUITests;
				PRODUCT_NAME = "$(TARGET_NAME)";
				SWIFT_VERSION = 4.0;
				TARGETED_DEVICE_FAMILY = "1,2";
				TEST_TARGET_NAME = Glorious;
			};
			name = Release;
		};
/* End XCBuildConfiguration section */

/* Begin XCConfigurationList section */
		8164E3DD1FB95EA20054384D /* Build configuration list for PBXProject "Glorious" */ = {
			isa = XCConfigurationList;
			buildConfigurations = (
				8164E40B1FB95EA20054384D /* Debug */,
				8164E40C1FB95EA20054384D /* Release */,
			);
			defaultConfigurationIsVisible = 0;
			defaultConfigurationName = Release;
		};
		8164E40D1FB95EA20054384D /* Build configuration list for PBXNativeTarget "Glorious" */ = {
			isa = XCConfigurationList;
			buildConfigurations = (
				8164E40E1FB95EA20054384D /* Debug */,
				8164E40F1FB95EA20054384D /* Release */,
			);
			defaultConfigurationIsVisible = 0;
			defaultConfigurationName = Release;
		};
		8164E4101FB95EA20054384D /* Build configuration list for PBXNativeTarget "GloriousTests" */ = {
			isa = XCConfigurationList;
			buildConfigurations = (
				8164E4111FB95EA20054384D /* Debug */,
				8164E4121FB95EA20054384D /* Release */,
			);
			defaultConfigurationIsVisible = 0;
			defaultConfigurationName = Release;
		};
		8164E4131FB95EA20054384D /* Build configuration list for PBXNativeTarget "GloriousUITests" */ = {
			isa = XCConfigurationList;
			buildConfigurations = (
				8164E4141FB95EA20054384D /* Debug */,
				8164E4151FB95EA20054384D /* Release */,
			);
			defaultConfigurationIsVisible = 0;
			defaultConfigurationName = Release;
		};
/* End XCConfigurationList section */

/* Begin XCVersionGroup section */
		8164E3EC1FB95EA20054384D /* Glorious.xcdatamodeld */ = {
			isa = XCVersionGroup;
			children = (
				8164E3ED1FB95EA20054384D /* Glorious.xcdatamodel */,
			);
			currentVersion = 8164E3ED1FB95EA20054384D /* Glorious.xcdatamodel */;
			path = Glorious.xcdatamodeld;
			sourceTree = "<group>";
			versionGroupType = wrapper.xcdatamodel;
		};
/* End XCVersionGroup section */
	};
	rootObject = 8164E3DA1FB95EA20054384D /* Project object */;
}
